
Microsoft Visual Studio Solution File, Format Version 12.00
# Visual Studio Version 17
VisualStudioVersion = 17.10.35013.160
MinimumVisualStudioVersion = 10.0.40219.1
Project("{FAE04EC0-301F-11D3-BF4B-00C04F79EFBC}") = "ESIDotNET", "ESIDotNET\ESIDotNET.csproj", "{24C96336-8021-498B-B8C9-69D37C8EC744}"
EndProject
Global
	GlobalSection(SolutionConfigurationPlatforms) = preSolution
		Debug|Any CPU = Debug|Any CPU
		Release|Any CPU = Release|Any CPU
	EndGlobalSection
	GlobalSection(ProjectConfigurationPlatforms) = postSolution
		{24C96336-8021-498B-B8C9-69D37C8EC744}.Debug|Any CPU.ActiveCfg = Debug|Any CPU
		{24C96336-8021-498B-B8C9-69D37C8EC744}.Debug|Any CPU.Build.0 = Debug|Any CPU
		{24C96336-8021-498B-B8C9-69D37C8EC744}.Release|Any CPU.ActiveCfg = Release|Any CPU
		{24C96336-8021-498B-B8C9-69D37C8EC744}.Release|Any CPU.Build.0 = Release|Any CPU
	EndGlobalSection
	GlobalSection(SolutionProperties) = preSolution
		HideSolutionNode = FALSE
	EndGlobalSection
	GlobalSection(ExtensibilityGlobals) = postSolution
		SolutionGuid = {2D7782E3-6DF3-4594-9F02-D86174504119}
	EndGlobalSection
EndGlobal
